# THIS IS AN AUTOGENERATED FILE. DO NOT EDIT THIS FILE DIRECTLY.
# yarn lockfile v1


"@types/firefox-webext-browser@^94.0.1":
  version "94.0.1"
  resolved "https://registry.yarnpkg.com/@types/firefox-webext-browser/-/firefox-webext-browser-94.0.1.tgz#52afb975253dc0fd350d5d58c7fe9fd1a01f64a1"
  integrity sha512-I6iHRQJSTZ+gYt2IxdH2RRAMvcUyK8v5Ig7fHQR0IwUNYP7hz9+cziBVIKxLCO6XI7fiyRsNOWObfl3/4Js2Lg==

"@types/trusted-types@^2.0.2":
  version "2.0.2"
  resolved "https://registry.yarnpkg.com/@types/trusted-types/-/trusted-types-2.0.2.tgz#fc25ad9943bcac11cceb8168db4f275e0e72e756"
  integrity sha512-F5DIZ36YVLE+PN+Zwws4kJogq47hNgX3Nx6WyDJ3kcplxyke3XIzB8uK5n/Lpm1HBsbGzd6nmGehL8cPekP+Tg==

lit-html@^2.4.0:
  version "2.4.0"
  resolved "https://registry.yarnpkg.com/lit-html/-/lit-html-2.4.0.tgz#b510430f39a56ec959167ed1187241a4e3ab1574"
  integrity sha512-G6qXu4JNUpY6aaF2VMfaszhO9hlWw0hOTRFDmuMheg/nDYGB+2RztUSOyrzALAbr8Nh0Y7qjhYkReh3rPnplVg==
  dependencies:
    "@types/trusted-types" "^2.0.2"
